
Microsoft Visual Studio Solution File, Format Version 12.00
# Visual Studio Version 17
VisualStudioVersion = 17.7.34024.191
MinimumVisualStudioVersion = 10.0.40219.1
Project("{FAE04EC0-301F-11D3-BF4B-00C04F79EFBC}") = "TypeOfDate_Lab_2_sortings", "TypeOfDate_Lab_2_sortings\TypeOfDate_Lab_2_sortings.csproj", "{AD1F69AF-6C1E-41D5-8251-95E04FD5B738}"
EndProject
Global
	GlobalSection(SolutionConfigurationPlatforms) = preSolution
		Debug|Any CPU = Debug|Any CPU
		Release|Any CPU = Release|Any CPU
	EndGlobalSection
	GlobalSection(ProjectConfigurationPlatforms) = postSolution
		{AD1F69AF-6C1E-41D5-8251-95E04FD5B738}.Debug|Any CPU.ActiveCfg = Debug|Any CPU
		{AD1F69AF-6C1E-41D5-8251-95E04FD5B738}.Debug|Any CPU.Build.0 = Debug|Any CPU
		{AD1F69AF-6C1E-41D5-8251-95E04FD5B738}.Release|Any CPU.ActiveCfg = Release|Any CPU
		{AD1F69AF-6C1E-41D5-8251-95E04FD5B738}.Release|Any CPU.Build.0 = Release|Any CPU
	EndGlobalSection
	GlobalSection(SolutionProperties) = preSolution
		HideSolutionNode = FALSE
	EndGlobalSection
	GlobalSection(ExtensibilityGlobals) = postSolution
		SolutionGuid = {70ADC8AF-8859-4211-9641-B724093F779C}
	EndGlobalSection
EndGlobal
